
Microsoft Visual Studio Solution File, Format Version 12.00
# Visual Studio 14
VisualStudioVersion = 14.0.24720.0
MinimumVisualStudioVersion = 10.0.40219.1
Project("{FAE04EC0-301F-11D3-BF4B-00C04F79EFBC}") = "PrimeFactor002", "PrimeFactor002\PrimeFactor002.csproj", "{83D25BC2-4FCD-4C9E-B1F0-C9A5F5048442}"
EndProject
Project("{FAE04EC0-301F-11D3-BF4B-00C04F79EFBC}") = "PrimeFactor002Test", "PrimeFactor002Test\PrimeFactor002Test.csproj", "{D86BD517-47B2-4D6C-A650-D466D4E5328F}"
EndProject
Global
	GlobalSection(SolutionConfigurationPlatforms) = preSolution
		Debug|Any CPU = Debug|Any CPU
		Release|Any CPU = Release|Any CPU
	EndGlobalSection
	GlobalSection(ProjectConfigurationPlatforms) = postSolution
		{83D25BC2-4FCD-4C9E-B1F0-C9A5F5048442}.Debug|Any CPU.ActiveCfg = Debug|Any CPU
		{83D25BC2-4FCD-4C9E-B1F0-C9A5F5048442}.Debug|Any CPU.Build.0 = Debug|Any CPU
		{83D25BC2-4FCD-4C9E-B1F0-C9A5F5048442}.Release|Any CPU.ActiveCfg = Release|Any CPU
		{83D25BC2-4FCD-4C9E-B1F0-C9A5F5048442}.Release|Any CPU.Build.0 = Release|Any CPU
		{D86BD517-47B2-4D6C-A650-D466D4E5328F}.Debug|Any CPU.ActiveCfg = Debug|Any CPU
		{D86BD517-47B2-4D6C-A650-D466D4E5328F}.Debug|Any CPU.Build.0 = Debug|Any CPU
		{D86BD517-47B2-4D6C-A650-D466D4E5328F}.Release|Any CPU.ActiveCfg = Release|Any CPU
		{D86BD517-47B2-4D6C-A650-D466D4E5328F}.Release|Any CPU.Build.0 = Release|Any CPU
	EndGlobalSection
	GlobalSection(SolutionProperties) = preSolution
		HideSolutionNode = FALSE
	EndGlobalSection
EndGlobal
